
Microsoft Visual Studio Solution File, Format Version 12.00
# Visual Studio Version 17
VisualStudioVersion = 17.8.34330.188
MinimumVisualStudioVersion = 10.0.40219.1
Project("{FAE04EC0-301F-11D3-BF4B-00C04F79EFBC}") = "Library", "Library.csproj", "{06555A8F-0B3E-4A89-BAA2-EC517BEEDA2E}"
EndProject
Global
	GlobalSection(SolutionConfigurationPlatforms) = preSolution
		Debug|Any CPU = Debug|Any CPU
		Release|Any CPU = Release|Any CPU
	EndGlobalSection
	GlobalSection(ProjectConfigurationPlatforms) = postSolution
		{06555A8F-0B3E-4A89-BAA2-EC517BEEDA2E}.Debug|Any CPU.ActiveCfg = Debug|Any CPU
		{06555A8F-0B3E-4A89-BAA2-EC517BEEDA2E}.Debug|Any CPU.Build.0 = Debug|Any CPU
		{06555A8F-0B3E-4A89-BAA2-EC517BEEDA2E}.Release|Any CPU.ActiveCfg = Release|Any CPU
		{06555A8F-0B3E-4A89-BAA2-EC517BEEDA2E}.Release|Any CPU.Build.0 = Release|Any CPU
	EndGlobalSection
	GlobalSection(SolutionProperties) = preSolution
		HideSolutionNode = FALSE
	EndGlobalSection
	GlobalSection(ExtensibilityGlobals) = postSolution
		SolutionGuid = {FBA3B546-C67C-4CBD-A211-030AF484954F}
	EndGlobalSection
EndGlobal
